
Microsoft Visual Studio Solution File, Format Version 12.00
# Visual Studio Version 17
VisualStudioVersion = 17.0.31903.59
MinimumVisualStudioVersion = 10.0.40219.1
Project("{FAE04EC0-301F-11D3-BF4B-00C04F79EFBC}") = "DevSwitch.Core", "src\DevSwitch.Core\DevSwitch.Core.csproj", "{2E4B28C4-0F1E-4F51-AE14-8B091DE23B10}"
EndProject
Project("{FAE04EC0-301F-11D3-BF4B-00C04F79EFBC}") = "DevSwitch.Tests", "tests\DevSwitch.Tests\DevSwitch.Tests.csproj", "{3C5C622E-C672-47C0-A542-9C3318068F0A}"
EndProject
Project("{2150E333-8FDC-42A3-9474-1A3956D46DE8}") = "src", "src", "{827E0CD3-B72D-47B6-A68D-7590B98EB39B}"
EndProject
Project("{FAE04EC0-301F-11D3-BF4B-00C04F79EFBC}") = "DevSwitch.App", "src\DevSwitch.App\DevSwitch.App.csproj", "{50CFACF5-DAF1-4762-9A03-DC372EEF7D26}"
EndProject
Global
	GlobalSection(SolutionConfigurationPlatforms) = preSolution
		Debug|Any CPU = Debug|Any CPU
		Debug|x64 = Debug|x64
		Debug|x86 = Debug|x86
		Release|Any CPU = Release|Any CPU
		Release|x64 = Release|x64
		Release|x86 = Release|x86
	EndGlobalSection
	GlobalSection(ProjectConfigurationPlatforms) = postSolution
		{2E4B28C4-0F1E-4F51-AE14-8B091DE23B10}.Debug|Any CPU.ActiveCfg = Debug|Any CPU
		{2E4B28C4-0F1E-4F51-AE14-8B091DE23B10}.Debug|Any CPU.Build.0 = Debug|Any CPU
		{2E4B28C4-0F1E-4F51-AE14-8B091DE23B10}.Debug|x64.ActiveCfg = Debug|Any CPU
		{2E4B28C4-0F1E-4F51-AE14-8B091DE23B10}.Debug|x64.Build.0 = Debug|Any CPU
		{2E4B28C4-0F1E-4F51-AE14-8B091DE23B10}.Debug|x86.ActiveCfg = Debug|Any CPU
		{2E4B28C4-0F1E-4F51-AE14-8B091DE23B10}.Debug|x86.Build.0 = Debug|Any CPU
		{2E4B28C4-0F1E-4F51-AE14-8B091DE23B10}.Release|Any CPU.ActiveCfg = Release|Any CPU
		{2E4B28C4-0F1E-4F51-AE14-8B091DE23B10}.Release|Any CPU.Build.0 = Release|Any CPU
		{2E4B28C4-0F1E-4F51-AE14-8B091DE23B10}.Release|x64.ActiveCfg = Release|Any CPU
		{2E4B28C4-0F1E-4F51-AE14-8B091DE23B10}.Release|x64.Build.0 = Release|Any CPU
		{2E4B28C4-0F1E-4F51-AE14-8B091DE23B10}.Release|x86.ActiveCfg = Release|Any CPU
		{2E4B28C4-0F1E-4F51-AE14-8B091DE23B10}.Release|x86.Build.0 = Release|Any CPU
		{3C5C622E-C672-47C0-A542-9C3318068F0A}.Debug|Any CPU.ActiveCfg = Debug|Any CPU
		{3C5C622E-C672-47C0-A542-9C3318068F0A}.Debug|Any CPU.Build.0 = Debug|Any CPU
		{3C5C622E-C672-47C0-A542-9C3318068F0A}.Debug|x64.ActiveCfg = Debug|Any CPU
		{3C5C622E-C672-47C0-A542-9C3318068F0A}.Debug|x64.Build.0 = Debug|Any CPU
		{3C5C622E-C672-47C0-A542-9C3318068F0A}.Debug|x86.ActiveCfg = Debug|Any CPU
		{3C5C622E-C672-47C0-A542-9C3318068F0A}.Debug|x86.Build.0 = Debug|Any CPU
		{3C5C622E-C672-47C0-A542-9C3318068F0A}.Release|Any CPU.ActiveCfg = Release|Any CPU
		{3C5C622E-C672-47C0-A542-9C3318068F0A}.Release|Any CPU.Build.0 = Release|Any CPU
		{3C5C622E-C672-47C0-A542-9C3318068F0A}.Release|x64.ActiveCfg = Release|Any CPU
		{3C5C622E-C672-47C0-A542-9C3318068F0A}.Release|x64.Build.0 = Release|Any CPU
		{3C5C622E-C672-47C0-A542-9C3318068F0A}.Release|x86.ActiveCfg = Release|Any CPU
		{3C5C622E-C672-47C0-A542-9C3318068F0A}.Release|x86.Build.0 = Release|Any CPU
		{50CFACF5-DAF1-4762-9A03-DC372EEF7D26}.Debug|Any CPU.ActiveCfg = Debug|Any CPU
		{50CFACF5-DAF1-4762-9A03-DC372EEF7D26}.Debug|Any CPU.Build.0 = Debug|Any CPU
		{50CFACF5-DAF1-4762-9A03-DC372EEF7D26}.Debug|x64.ActiveCfg = Debug|Any CPU
		{50CFACF5-DAF1-4762-9A03-DC372EEF7D26}.Debug|x64.Build.0 = Debug|Any CPU
		{50CFACF5-DAF1-4762-9A03-DC372EEF7D26}.Debug|x86.ActiveCfg = Debug|Any CPU
		{50CFACF5-DAF1-4762-9A03-DC372EEF7D26}.Debug|x86.Build.0 = Debug|Any CPU
		{50CFACF5-DAF1-4762-9A03-DC372EEF7D26}.Release|Any CPU.ActiveCfg = Release|Any CPU
		{50CFACF5-DAF1-4762-9A03-DC372EEF7D26}.Release|Any CPU.Build.0 = Release|Any CPU
		{50CFACF5-DAF1-4762-9A03-DC372EEF7D26}.Release|x64.ActiveCfg = Release|Any CPU
		{50CFACF5-DAF1-4762-9A03-DC372EEF7D26}.Release|x64.Build.0 = Release|Any CPU
		{50CFACF5-DAF1-4762-9A03-DC372EEF7D26}.Release|x86.ActiveCfg = Release|Any CPU
		{50CFACF5-DAF1-4762-9A03-DC372EEF7D26}.Release|x86.Build.0 = Release|Any CPU
	EndGlobalSection
	GlobalSection(SolutionProperties) = preSolution
		HideSolutionNode = FALSE
	EndGlobalSection
	GlobalSection(NestedProjects) = preSolution
		{50CFACF5-DAF1-4762-9A03-DC372EEF7D26} = {827E0CD3-B72D-47B6-A68D-7590B98EB39B}
	EndGlobalSection
EndGlobal
